Microsoft Visual Studio Solution File, Format Version 12.00
# Visual Studio Version 17
VisualStudioVersion = 17.0.31903.59
MinimumVisualStudioVersion = 10.0.40219.1
Project("{FAE04EC0-301F-11D3-BF4B-00C04F79EFBC}") = "RpgLibrary", "RpgLibrary\RpgLibrary.csproj", "{319DFD5C-BF88-41EF-91F0-E10569EF4571}"
EndProject
Project("{FAE04EC0-301F-11D3-BF4B-00C04F79EFBC}") = "RpgDemo", "RpgDemo\RpgDemo.csproj", "{3DD75B4C-9D62-4C7A-B45D-A3DA64D5C92E}"
EndProject
Global
	GlobalSection(SolutionConfigurationPlatforms) = preSolution
		Debug|Any CPU = Debug|Any CPU
		Release|Any CPU = Release|Any CPU
	EndGlobalSection
	GlobalSection(ProjectConfigurationPlatforms) = postSolution
		{319DFD5C-BF88-41EF-91F0-E10569EF4571}.Debug|Any CPU.ActiveCfg = Debug|Any CPU
		{319DFD5C-BF88-41EF-91F0-E10569EF4571}.Debug|Any CPU.Build.0 = Debug|Any CPU
		{319DFD5C-BF88-41EF-91F0-E10569EF4571}.Release|Any CPU.ActiveCfg = Release|Any CPU
		{319DFD5C-BF88-41EF-91F0-E10569EF4571}.Release|Any CPU.Build.0 = Release|Any CPU
		{3DD75B4C-9D62-4C7A-B45D-A3DA64D5C92E}.Debug|Any CPU.ActiveCfg = Debug|Any CPU
		{3DD75B4C-9D62-4C7A-B45D-A3DA64D5C92E}.Debug|Any CPU.Build.0 = Debug|Any CPU
		{3DD75B4C-9D62-4C7A-B45D-A3DA64D5C92E}.Release|Any CPU.ActiveCfg = Release|Any CPU
		{3DD75B4C-9D62-4C7A-B45D-A3DA64D5C92E}.Release|Any CPU.Build.0 = Release|Any CPU
	EndGlobalSection
EndGlobal
